
Microsoft Visual Studio Solution File, Format Version 10.00
# Visual Studio 2008
Project("{FAE04EC0-301F-11D3-BF4B-00C04F79EFBC}") = "LowLevelApocryphal", "LowLevelApocryphal\LowLevelApocryphal.csproj", "{97E1E545-1054-4AEB-A2FB-0AD545772434}"
EndProject
Global
	GlobalSection(SolutionConfigurationPlatforms) = preSolution
		Debug|Any CPU = Debug|Any CPU
		Release|Any CPU = Release|Any CPU
	EndGlobalSection
	GlobalSection(ProjectConfigurationPlatforms) = postSolution
		{97E1E545-1054-4AEB-A2FB-0AD545772434}.Debug|Any CPU.ActiveCfg = Debug|Any CPU
		{97E1E545-1054-4AEB-A2FB-0AD545772434}.Debug|Any CPU.Build.0 = Debug|Any CPU
		{97E1E545-1054-4AEB-A2FB-0AD545772434}.Release|Any CPU.ActiveCfg = Release|Any CPU
		{97E1E545-1054-4AEB-A2FB-0AD545772434}.Release|Any CPU.Build.0 = Release|Any CPU
	EndGlobalSection
	GlobalSection(SolutionProperties) = preSolution
		HideSolutionNode = FALSE
	EndGlobalSection
EndGlobal
